
Microsoft Visual Studio Solution File, Format Version 12.00
Project("{F2A71F9B-5D33-465A-A702-920D77279786}") = "lazpack.core", "lazpack.core\lazpack.core.fsproj", "{F90D6A6E-A4E1-456A-89F8-0402237D99F0}"
EndProject
Global
	GlobalSection(SolutionConfigurationPlatforms) = preSolution
		Debug|Any CPU = Debug|Any CPU
		Release|Any CPU = Release|Any CPU
	EndGlobalSection
	GlobalSection(ProjectConfigurationPlatforms) = postSolution
		{F90D6A6E-A4E1-456A-89F8-0402237D99F0}.Debug|Any CPU.ActiveCfg = Debug|Any CPU
		{F90D6A6E-A4E1-456A-89F8-0402237D99F0}.Debug|Any CPU.Build.0 = Debug|Any CPU
		{F90D6A6E-A4E1-456A-89F8-0402237D99F0}.Release|Any CPU.ActiveCfg = Release|Any CPU
		{F90D6A6E-A4E1-456A-89F8-0402237D99F0}.Release|Any CPU.Build.0 = Release|Any CPU
	EndGlobalSection
EndGlobal
